lockfileVersion: '9.0'

settings:
  autoInstallPeers: true
  excludeLinksFromLockfile: false

importers:

  .:
    dependencies:
      '@aptos-labs/ts-sdk':
        specifier: ^7.1.0
        version: 7.1.0
      '@noble/hashes':
        specifier: ^1.8.0
        version: 1.8.0
    devDependencies:
      '@types/node':
        specifier: ^24.3.0
        version: 24.12.0
      typescript:
        specifier: ^5.9.2
        version: 5.9.3

packages:

  '@aptos-labs/aptos-cli@3.0.0':
    resolution: {integrity: sha512-fw9Ph6pe9l/RW6LMqjpxrHiWo2T/gtYWZsRxgl4PqVroavGF13YEQWlUnjJfWgVi1wQHpQcoJ1eYbYsPFu2sVg==}
    engines: {node: '>=22'}
    cpu: [x64, arm64]
    os: [darwin, linux, win32]
    hasBin: true

  '@aptos-labs/aptos-client@4.1.0':
    resolution: {integrity: sha512-QNr8OV3b6oZB+5LSh86wee9RbK+FAYCKh0wvu3epSf5JJnHezszpnAgtr3DJGBG6t00MJHaiu6VUbmujrl97iQ==}
    engines: {node: '>=22.0.0'}

  '@aptos-labs/ts-sdk@7.1.0':
    resolution: {integrity: sha512-5GLkEBcKwH2NDD0IjzN1Bpv5Epqe0qiV2q4McUhxJlbPlFN6yWXJs+GFgEK9IOZRFpby0BW7XCUtDK/nULit2Q==}
    engines: {node: '>=22.0.0'}

  '@keyv/serialize@1.1.1':
    resolution: {integrity: sha512-dXn3FZhPv0US+7dtJsIi2R+c7qWYiReoEh5zUntWCf4oSpMNib8FDhSoed6m3QyZdx5hK7iLFkYk3rNxwt8vTA==}

  '@noble/ciphers@2.2.0':
    resolution: {integrity: sha512-Z6pjIZ/8IJcCGzb2S/0Px5J81yij85xASuk1teLNeg75bfT07MV3a/O2Mtn1I2se43k3lkVEcFaR10N4cgQcZA==}
    engines: {node: '>= 20.19.0'}

  '@noble/curves@2.2.0':
    resolution: {integrity: sha512-T/BoHgFXirb0ENSPBquzX0rcjXeM6Lo892a2jlYJkqk83LqZx0l1Of7DzlKJ6jkpvMrkHSnAcgb5JegL8SeIkQ==}
    engines: {node: '>= 20.19.0'}

  '@noble/hashes@1.8.0':
    resolution: {integrity: sha512-jCs9ldd7NwzpgXDIf6P3+NrHh9/sD6CQdxHyjQI+h/6rDNo88ypBxxz45UDuZHz9r3tNz7N/VInSVoVdtXEI4A==}
    engines: {node: ^14.21.3 || >=16}

  '@noble/hashes@2.2.0':
    resolution: {integrity: sha512-IYqDGiTXab6FniAgnSdZwgWbomxpy9FtYvLKs7wCUs2a8RkITG+DFGO1DM9cr+E3/RgADRpFjrKVaJ1z6sjtEg==}
    engines: {node: '>= 20.19.0'}

  '@scure/base@2.2.0':
    resolution: {integrity: sha512-b8XEupJibegiXV+tDUseI8oLQc8ei3d/4Jkb2RpbHh3MfE054ov3uIz2dhFkB3FI8iwYkEh0gGCApkrYggkPNg==}

  '@scure/bip32@2.2.0':
    resolution: {integrity: sha512-zFr7t2F+a9+5tB7QbarF2HQNYrgjCNaoLAupZdKkrFMYMozJf5zqH2WJCQibMzm1qQ0QogrxVGO3qXfQDYMaQg==}

  '@scure/bip39@2.2.0':
    resolution: {integrity: sha512-T/Bj/YvYMNkIPq6EENO6/rcs2e7qTNuyoUXf0KBFDmp0ZDu0H2X4Lq6yC3i0c8PcWkov5EbW+yQZZbdMmk154A==}

  '@sec-ant/readable-stream@0.4.1':
    resolution: {integrity: sha512-831qok9r2t8AlxLko40y2ebgSDhenenCatLVeW/uBtnHPyhHOvG0C7TvfgecV+wHzIm5KUICgzmVpWS+IMEAeg==}

  '@sindresorhus/is@8.1.0':
    resolution: {integrity: sha512-2SX/1jW6CIMAiebvVv5ZInoCEuWQmMyBoJXXGC6Vjakjp/fpxP5eHs7/V6WKuPEIbuK06+VpjH+vjLQhr98rDQ==}
    engines: {node: '>=22'}

  '@types/http-cache-semantics@4.2.0':
    resolution: {integrity: sha512-L3LgimLHXtGkWikKnsPg0/VFx9OGZaC+eN1u4r+OB1XRqH3meBIAVC2zr1WdMH+RHmnRkqliQAOHNJ/E0j/e0Q==}

  '@types/node@24.12.0':
    resolution: {integrity: sha512-GYDxsZi3ChgmckRT9HPU0WEhKLP08ev/Yfcq2AstjrDASOYCSXeyjDsHg4v5t4jOj7cyDX3vmprafKlWIG9MXQ==}

  byte-counter@0.1.0:
    resolution: {integrity: sha512-jheRLVMeUKrDBjVw2O5+k4EvR4t9wtxHL+bo/LxfkxsVeuGMy3a5SEGgXdAFA4FSzTrU8rQXQIrsZ3oBq5a0pQ==}
    engines: {node: '>=20'}

  cacheable-lookup@7.0.0:
    resolution: {integrity: sha512-+qJyx4xiKra8mZrcwhjMRMUhD5NR1R8esPkzIYxX96JiecFoxAXFuz/GpR3+ev4PE1WamHip78wV0vcmPQtp8w==}
    engines: {node: '>=14.16'}

  cacheable-request@13.0.19:
    resolution: {integrity: sha512-SVXGH037+Mo1aIMO5B2UcleR43FGjFdN+M8JObSyEoQ2Mn4CODRWx28gN5jiTF0n5ItsgtIZfyargMNs8GX4kg==}
    engines: {node: '>=18'}

  chunk-data@0.1.0:
    resolution: {integrity: sha512-zFyPtyC0SZ6Zu79b9sOYtXZcgrsXe0RpePrzRyj52hYVFG1+Rk6rBqjjOEk+GNQwc3PIX+86teQMok970pod1g==}
    engines: {node: '>=20'}

  commander@14.0.3:
    resolution: {integrity: sha512-H+y0Jo/T1RZ9qPP4Eh1pkcQcLRglraJaSLoyOtHxu6AapkjWVCy2Sit1QQ4x3Dng8qDlSsZEet7g5Pq06MvTgw==}
    engines: {node: '>=20'}

  decompress-response@10.0.0:
    resolution: {integrity: sha512-oj7KWToJuuxlPr7VV0vabvxEIiqNMo+q0NueIiL3XhtwC6FVOX7Hr1c0C4eD0bmf7Zr+S/dSf2xvkH3Ad6sU3Q==}
    engines: {node: '>=20'}

  eventemitter3@5.0.4:
    resolution: {integrity: sha512-mlsTRyGaPBjPedk6Bvw+aqbsXDtoAyAzm5MO7JgU+yVRyMQ5O8bD4Kcci7BS85f93veegeCPkL8R4GLClnjLFw==}

  get-stream@9.0.1:
    resolution: {integrity: sha512-kVCxPF3vQM/N0B1PmoqVUqgHP+EeVjmZSQn+1oCRPxd2P21P2F19lIgbR3HBosbB1PUhOAoctJnfEn2GbN2eZA==}
    engines: {node: '>=18'}

  got@15.0.5:
    resolution: {integrity: sha512-PMIMaZuYUCK43+Z9JWEXea4kkX2b3301m81D5TS6QpfG4PmNyirzEdO/Oa2OHAN4GsjnPfvWCWsshKN2rq4/gQ==}
    engines: {node: '>=22'}

  http-cache-semantics@4.2.0:
    resolution: {integrity: sha512-dTxcvPXqPvXBQpq5dUr6mEMJX4oIEFv6bwom3FDwKRDsuIjjJGANqhBuoAn9c1RQJIdAKav33ED65E2ys+87QQ==}

  http2-wrapper@2.2.1:
    resolution: {integrity: sha512-V5nVw1PAOgfI3Lmeaj2Exmeg7fenjhRUgz1lPSezy1CuhPYbgQtbQj4jZfEAEMlaL+vupsvhjqCyjzob0yxsmQ==}
    engines: {node: '>=10.19.0'}

  is-stream@4.0.1:
    resolution: {integrity: sha512-Dnz92NInDqYckGEUJv689RbRiTSEHCQ7wOVeALbkOz999YpqT46yMRIGtSNl2iCL1waAZSx40+h59NV/EwzV/A==}
    engines: {node: '>=18'}

  jwt-decode@4.0.0:
    resolution: {integrity: sha512-+KJGIyHgkGuIq3IEBNftfhW/LfWhXUIY6OmyVWjliu5KH1y0fw7VQ8YndE2O4qZdMSd9SqbnC8GOcZEy0Om7sA==}
    engines: {node: '>=18'}

  keyv@5.6.0:
    resolution: {integrity: sha512-CYDD3SOtsHtyXeEORYRx2qBtpDJFjRTGXUtmNEMGyzYOKj1TE3tycdlho7kA1Ufx9OYWZzg52QFBGALTirzDSw==}

  lowercase-keys@3.0.0:
    resolution: {integrity: sha512-ozCC6gdQ+glXOQsveKD0YsDy8DSQFjDTz4zyzEHNV5+JP5D62LmfDZ6o1cycFx9ouG940M5dE8C8CTewdj2YWQ==}
    engines: {node: ^12.20.0 || ^14.13.1 || >=16.0.0}

  lowercase-keys@4.0.1:
    resolution: {integrity: sha512-wI9Nui/L8VfADa/cr/7NQruaASk1k23/Uh1khQ02BCVYiiy8F4AhOGnQzJy3Fl/c44GnYSbZHv8g7EcG3kJ1Qg==}
    engines: {node: '>=20'}

  mimic-response@4.0.0:
    resolution: {integrity: sha512-e5ISH9xMYU0DzrT+jl8q2ze9D6eWBto+I8CNpe+VI+K2J/F/k3PdkdTdz4wvGVH4NTpo+NRYTVIuMQEMMcsLqg==}
    engines: {node: ^12.20.0 || ^14.13.1 || >=16.0.0}

  normalize-url@8.1.1:
    resolution: {integrity: sha512-JYc0DPlpGWB40kH5g07gGTrYuMqV653k3uBKY6uITPWds3M0ov3GaWGp9lbE3Bzngx8+XkfzgvASb9vk9JDFXQ==}
    engines: {node: '>=14.16'}

  poseidon-lite@0.3.0:
    resolution: {integrity: sha512-ilJj4MIve4uBEG7SrtPqUUNkvpJ/pLVbndxa0WvebcQqeIhe+h72JR4g0EvwchUzm9sOQDlOjiDNmRAgxNZl4A==}

  quick-lru@5.1.1:
    resolution: {integrity: sha512-WuyALRjWPDGtt/wzJiadO5AXY+8hZ80hVpe6MyivgraREW751X3SbhRvG3eLKOYN+8VEvqLcf3wdnt44Z4S4SA==}
    engines: {node: '>=10'}

  resolve-alpn@1.2.1:
    resolution: {integrity: sha512-0a1F4l73/ZFZOakJnQ3FvkJ2+gSTQWz/r2KE5OdDY0TxPm5h4GkqkWWfM47T7HsbnOtcJVEF4epCVy6u7Q3K+g==}

  responselike@4.0.2:
    resolution: {integrity: sha512-cGk8IbWEAnaCpdAt1BHzJ3Ahz5ewDJa0KseTsE3qIRMJ3C698W8psM7byCeWVpd/Ha7FUYzuRVzXoKoM6nRUbA==}
    engines: {node: '>=20'}

  tagged-tag@1.0.0:
    resolution: {integrity: sha512-yEFYrVhod+hdNyx7g5Bnkkb0G6si8HJurOoOEgC8B/O0uXLHlaey/65KRv6cuWBNhBgHKAROVpc7QyYqE5gFng==}
    engines: {node: '>=20'}

  type-fest@5.7.0:
    resolution: {integrity: sha512-1URUxUqfHFM1c+zfSPsa3gnkO7Aq21qyH75SIduNYz4SzY964rn1X2vCMQaHSHhktiw+0kPa2iyb6PUpXqB6Vg==}
    engines: {node: '>=20'}

  typescript@5.9.3:
    resolution: {integrity: sha512-jl1vZzPDinLr9eUt3J/t7V6FgNEw9QjvBPdysz9KfQDD41fQrC2Y4vKQdiaUpFT4bXlb1RHhLpp8wtm6M5TgSw==}
    engines: {node: '>=14.17'}
    hasBin: true

  uint8array-extras@1.5.0:
    resolution: {integrity: sha512-rvKSBiC5zqCCiDZ9kAOszZcDvdAHwwIKJG33Ykj43OKcWsnmcBRL09YTU4nOeHZ8Y2a7l1MgTd08SBe9A8Qj6A==}
    engines: {node: '>=18'}

  undici-types@7.16.0:
    resolution: {integrity: sha512-Zz+aZWSj8LE6zoxD+xrjh4VfkIG8Ya6LvYkZqtUQGJPZjYl53ypCaUwWqo7eI0x66KBGeRo+mlBEkMSeSZ38Nw==}

snapshots:

  '@aptos-labs/aptos-cli@3.0.0':
    dependencies:
      commander: 14.0.3

  '@aptos-labs/aptos-client@4.1.0':
    dependencies:
      got: 15.0.5

  '@aptos-labs/ts-sdk@7.1.0':
    dependencies:
      '@aptos-labs/aptos-cli': 3.0.0
      '@aptos-labs/aptos-client': 4.1.0
      '@noble/ciphers': 2.2.0
      '@noble/curves': 2.2.0
      '@noble/hashes': 2.2.0
      '@scure/bip32': 2.2.0
      '@scure/bip39': 2.2.0
      eventemitter3: 5.0.4
      jwt-decode: 4.0.0
      poseidon-lite: 0.3.0

  '@keyv/serialize@1.1.1': {}

  '@noble/ciphers@2.2.0': {}

  '@noble/curves@2.2.0':
    dependencies:
      '@noble/hashes': 2.2.0

  '@noble/hashes@1.8.0': {}

  '@noble/hashes@2.2.0': {}

  '@scure/base@2.2.0': {}

  '@scure/bip32@2.2.0':
    dependencies:
      '@noble/curves': 2.2.0
      '@noble/hashes': 2.2.0
      '@scure/base': 2.2.0

  '@scure/bip39@2.2.0':
    dependencies:
      '@noble/hashes': 2.2.0
      '@scure/base': 2.2.0

  '@sec-ant/readable-stream@0.4.1': {}

  '@sindresorhus/is@8.1.0': {}

  '@types/http-cache-semantics@4.2.0': {}

  '@types/node@24.12.0':
    dependencies:
      undici-types: 7.16.0

  byte-counter@0.1.0: {}

  cacheable-lookup@7.0.0: {}

  cacheable-request@13.0.19:
    dependencies:
      '@types/http-cache-semantics': 4.2.0
      get-stream: 9.0.1
      http-cache-semantics: 4.2.0
      keyv: 5.6.0
      mimic-response: 4.0.0
      normalize-url: 8.1.1
      responselike: 4.0.2

  chunk-data@0.1.0: {}

  commander@14.0.3: {}

  decompress-response@10.0.0:
    dependencies:
      mimic-response: 4.0.0

  eventemitter3@5.0.4: {}

  get-stream@9.0.1:
    dependencies:
      '@sec-ant/readable-stream': 0.4.1
      is-stream: 4.0.1

  got@15.0.5:
    dependencies:
      '@sindresorhus/is': 8.1.0
      byte-counter: 0.1.0
      cacheable-lookup: 7.0.0
      cacheable-request: 13.0.19
      chunk-data: 0.1.0
      decompress-response: 10.0.0
      http2-wrapper: 2.2.1
      keyv: 5.6.0
      lowercase-keys: 4.0.1
      responselike: 4.0.2
      type-fest: 5.7.0
      uint8array-extras: 1.5.0

  http-cache-semantics@4.2.0: {}

  http2-wrapper@2.2.1:
    dependencies:
      quick-lru: 5.1.1
      resolve-alpn: 1.2.1

  is-stream@4.0.1: {}

  jwt-decode@4.0.0: {}

  keyv@5.6.0:
    dependencies:
      '@keyv/serialize': 1.1.1

  lowercase-keys@3.0.0: {}

  lowercase-keys@4.0.1: {}

  mimic-response@4.0.0: {}

  normalize-url@8.1.1: {}

  poseidon-lite@0.3.0: {}

  quick-lru@5.1.1: {}

  resolve-alpn@1.2.1: {}

  responselike@4.0.2:
    dependencies:
      lowercase-keys: 3.0.0

  tagged-tag@1.0.0: {}

  type-fest@5.7.0:
    dependencies:
      tagged-tag: 1.0.0

  typescript@5.9.3: {}

  uint8array-extras@1.5.0: {}

  undici-types@7.16.0: {}
